
Microsoft Visual Studio Solution File, Format Version 12.00
Project("{FAE04EC0-301F-11D3-BF4B-00C04F79EFBC}") = "GameServerTests", "GameServerTests\GameServerTests.csproj", "{251850A1-E19F-4C80-875E-F5A6B0C67F53}"
EndProject
Project("{FAE04EC0-301F-11D3-BF4B-00C04F79EFBC}") = "TinyBrowser", "..\TinyBrowser\TinyBrowser.csproj", "{FE449C5A-EBDC-4622-9961-E9205DFA0194}"
EndProject
Project("{FAE04EC0-301F-11D3-BF4B-00C04F79EFBC}") = "GitHubExplorer", "..\GitHubExplorer\GitHubExplorer.csproj", "{EE8E1C08-EF9A-4FF5-BACF-C808FBD6EC59}"
EndProject
Global
	GlobalSection(SolutionConfigurationPlatforms) = preSolution
		Debug|Any CPU = Debug|Any CPU
		Release|Any CPU = Release|Any CPU
	EndGlobalSection
	GlobalSection(ProjectConfigurationPlatforms) = postSolution
		{251850A1-E19F-4C80-875E-F5A6B0C67F53}.Debug|Any CPU.ActiveCfg = Debug|Any CPU
		{251850A1-E19F-4C80-875E-F5A6B0C67F53}.Debug|Any CPU.Build.0 = Debug|Any CPU
		{251850A1-E19F-4C80-875E-F5A6B0C67F53}.Release|Any CPU.ActiveCfg = Release|Any CPU
		{251850A1-E19F-4C80-875E-F5A6B0C67F53}.Release|Any CPU.Build.0 = Release|Any CPU
		{FE449C5A-EBDC-4622-9961-E9205DFA0194}.Debug|Any CPU.ActiveCfg = Debug|Any CPU
		{FE449C5A-EBDC-4622-9961-E9205DFA0194}.Debug|Any CPU.Build.0 = Debug|Any CPU
		{FE449C5A-EBDC-4622-9961-E9205DFA0194}.Release|Any CPU.ActiveCfg = Release|Any CPU
		{FE449C5A-EBDC-4622-9961-E9205DFA0194}.Release|Any CPU.Build.0 = Release|Any CPU
		{EE8E1C08-EF9A-4FF5-BACF-C808FBD6EC59}.Debug|Any CPU.ActiveCfg = Debug|Any CPU
		{EE8E1C08-EF9A-4FF5-BACF-C808FBD6EC59}.Debug|Any CPU.Build.0 = Debug|Any CPU
		{EE8E1C08-EF9A-4FF5-BACF-C808FBD6EC59}.Release|Any CPU.ActiveCfg = Release|Any CPU
		{EE8E1C08-EF9A-4FF5-BACF-C808FBD6EC59}.Release|Any CPU.Build.0 = Release|Any CPU
	EndGlobalSection
EndGlobal
